
Microsoft Visual Studio Solution File, Format Version 12.00
# Visual Studio Version 16
VisualStudioVersion = 16.0.31129.286
MinimumVisualStudioVersion = 10.0.40219.1
Project("{8BC9CEB8-8B4A-11D0-8D11-00A0C91BC942}") = "Sirius", "Sirius\Sirius.vcxproj", "{43958934-300F-48D0-A4BA-C5442E197710}"
EndProject
Global
	GlobalSection(SolutionConfigurationPlatforms) = preSolution
		Debug|x64 = Debug|x64
		Debug|x86 = Debug|x86
		Release|x64 = Release|x64
		Release|x86 = Release|x86
	EndGlobalSection
	GlobalSection(ProjectConfigurationPlatforms) = postSolution
		{43958934-300F-48D0-A4BA-C5442E197710}.Debug|x64.ActiveCfg = Debug|x64
		{43958934-300F-48D0-A4BA-C5442E197710}.Debug|x64.Build.0 = Debug|x64
		{43958934-300F-48D0-A4BA-C5442E197710}.Debug|x86.ActiveCfg = Debug|Win32
		{43958934-300F-48D0-A4BA-C5442E197710}.Debug|x86.Build.0 = Debug|Win32
		{43958934-300F-48D0-A4BA-C5442E197710}.Release|x64.ActiveCfg = Release|x64
		{43958934-300F-48D0-A4BA-C5442E197710}.Release|x64.Build.0 = Release|x64
		{43958934-300F-48D0-A4BA-C5442E197710}.Release|x86.ActiveCfg = Release|Win32
		{43958934-300F-48D0-A4BA-C5442E197710}.Release|x86.Build.0 = Release|Win32
	EndGlobalSection
	GlobalSection(SolutionProperties) = preSolution
		HideSolutionNode = FALSE
	EndGlobalSection
	GlobalSection(ExtensibilityGlobals) = postSolution
		SolutionGuid = {BC88BBA9-1C93-4E42-8BA1-78605A54DA1A}
	EndGlobalSection
EndGlobal
